
Microsoft Visual Studio Solution File, Format Version 12.00
# Visual Studio Version 17
VisualStudioVersion = 17.0.32112.339
MinimumVisualStudioVersion = 10.0.40219.1
Project("{FAE04EC0-301F-11D3-BF4B-00C04F79EFBC}") = "ConsoleApp9", "ConsoleApp9\ConsoleApp9.csproj", "{82279C10-4B7D-4B6E-A394-EF6DD3BFD234}"
EndProject
Global
	GlobalSection(SolutionConfigurationPlatforms) = preSolution
		Debug|Any CPU = Debug|Any CPU
		Release|Any CPU = Release|Any CPU
	EndGlobalSection
	GlobalSection(ProjectConfigurationPlatforms) = postSolution
		{82279C10-4B7D-4B6E-A394-EF6DD3BFD234}.Debug|Any CPU.ActiveCfg = Debug|Any CPU
		{82279C10-4B7D-4B6E-A394-EF6DD3BFD234}.Debug|Any CPU.Build.0 = Debug|Any CPU
		{82279C10-4B7D-4B6E-A394-EF6DD3BFD234}.Release|Any CPU.ActiveCfg = Release|Any CPU
		{82279C10-4B7D-4B6E-A394-EF6DD3BFD234}.Release|Any CPU.Build.0 = Release|Any CPU
	EndGlobalSection
	GlobalSection(SolutionProperties) = preSolution
		HideSolutionNode = FALSE
	EndGlobalSection
	GlobalSection(ExtensibilityGlobals) = postSolution
		SolutionGuid = {C54B3DCB-11E1-4612-B0FE-6A3D6209ADE1}
	EndGlobalSection
EndGlobal
